PODS:
  - Alamofire (5.6.4)
  - AppAuth (1.6.0):
    - AppAuth/Core (= 1.6.0)
    - AppAuth/ExternalUserAgent (= 1.6.0)
  - AppAuth/Core (1.6.0)
  - AppAuth/ExternalUserAgent (1.6.0):
    - AppAuth/Core
  - DifferenceKit (1.3.0):
    - DifferenceKit/Core (= 1.3.0)
    - DifferenceKit/UIKitExtension (= 1.3.0)
  - DifferenceKit/Core (1.3.0)
  - DifferenceKit/UIKitExtension (1.3.0):
    - DifferenceKit/Core
  - GoogleAPIClientForREST/Core (3.0.0):
    - GTMSessionFetcher/Full (< 4.0, >= 1.6.1)
  - GoogleAPIClientForREST/Drive (3.0.0):
    - GoogleAPIClientForREST/Core
    - GTMSessionFetcher/Full (< 4.0, >= 1.6.1)
  - GoogleSignIn (7.0.0):
    - AppAuth (~> 1.5)
    - GTMAppAuth (< 3.0, >= 1.3)
    - GTMSessionFetcher/Core (< 4.0, >= 1.1)
  - GTMAppAuth (2.0.0):
    - AppAuth/Core (~> 1.6)
    - GTMSessionFetcher/Core (< 4.0, >= 1.5)
  - GTMSessionFetcher/Core (3.1.0)
  - GTMSessionFetcher/Full (3.1.0):
    - GTMSessionFetcher/Core
  - lottie-ios (4.0.1)
  - Resolver (1.5.0)
  - RIBs (0.9.3):
    - RxRelay (~> 5.1)
    - RxSwift (~> 5.1)
  - RxCocoa (5.1.3):
    - RxRelay (~> 5)
    - RxSwift (~> 5)
  - RxRelay (5.1.3):
    - RxSwift (~> 5)
  - RxSwift (5.1.3)
  - SVProgressHUD (2.2.5)
  - SwiftLint (0.50.3)
  - TLLogging (1.0.4)

DEPENDENCIES:
  - Alamofire
  - DifferenceKit
  - GoogleAPIClientForREST/Drive
  - GoogleSignIn
  - lottie-ios
  - Resolver
  - RIBs (from `https://github.com/uber/RIBs/`, tag `v0.10.0`)
  - RxCocoa
  - RxSwift
  - SVProgressHUD
  - SwiftLint
  - TLLogging

SPEC REPOS:
  trunk:
    - Alamofire
    - AppAuth
    - DifferenceKit
    - GoogleAPIClientForREST
    - GoogleSignIn
    - GTMAppAuth
    - GTMSessionFetcher
    - lottie-ios
    - Resolver
    - RxCocoa
    - RxRelay
    - RxSwift
    - SVProgressHUD
    - SwiftLint
    - TLLogging

EXTERNAL SOURCES:
  RIBs:
    :git: https://github.com/uber/RIBs/
    :tag: v0.10.0

CHECKOUT OPTIONS:
  RIBs:
    :git: https://github.com/uber/RIBs/
    :tag: v0.10.0

SPEC CHECKSUMS:
  Alamofire: 4e95d97098eacb88856099c4fc79b526a299e48c
  AppAuth: 8fca6b5563a5baef2c04bee27538025e4ceb2add
  DifferenceKit: ab185c4d7f9cef8af3fcf593e5b387fb81e999ca
  GoogleAPIClientForREST: 77c1fea751a6b572af8d8a224a5990f92ff80010
  GoogleSignIn: b232380cf495a429b8095d3178a8d5855b42e842
  GTMAppAuth: 99fb010047ba3973b7026e45393f51f27ab965ae
  GTMSessionFetcher: c9e714f7eec91a55641e2bab9f45fd83a219b882
  lottie-ios: 54d22edf55b839f0929cabbfe609c9aa548b1145
  Resolver: 68984624572763018fd8ec7b8e3e8df0e3b6bba5
  RIBs: d4c4c7e7e4580f0bbe88bdc88b6c11704a738b7f
  RxCocoa: e2ed092d5432e4296aa818021d27de4090ac0354
  RxRelay: 5a18c2eb2d68326ebaf0112f80d837ae41b92b97
  RxSwift: 915abbdfb62214aa89ccd0b194d44fb478019b27
  SVProgressHUD: 1428aafac632c1f86f62aa4243ec12008d7a51d6
  SwiftLint: 77f7cb2b9bb81ab4a12fcc86448ba3f11afa50c6
  TLLogging: 636a4873bf1aaa9d60c4b938433b17e3ce33cb51

PODFILE CHECKSUM: 569a900ac443f06bab1f47d490e00b972a525a5e

COCOAPODS: 1.11.3
